
Microsoft Visual Studio Solution File, Format Version 12.00
# Visual Studio Version 17
VisualStudioVersion = 17.0.31903.59
MinimumVisualStudioVersion = 10.0.40219.1
Project("{FAE04EC0-301F-11D3-BF4B-00C04F79EFBC}") = "API", "API\API.csproj", "{CF337048-F870-475A-89E7-06B5744C65ED}"
EndProject
Project("{FAE04EC0-301F-11D3-BF4B-00C04F79EFBC}") = "Application", "Application\Application.csproj", "{42FA8934-A5CE-443A-B84E-E59924486561}"
EndProject
Project("{FAE04EC0-301F-11D3-BF4B-00C04F79EFBC}") = "Domain", "Domain\Domain.csproj", "{B3A695BB-1F9E-4543-BE23-39281BB17B79}"
EndProject
Project("{FAE04EC0-301F-11D3-BF4B-00C04F79EFBC}") = "Persistence", "Persistence\Persistence.csproj", "{D888D5F2-F576-498C-A113-42879685260C}"
EndProject
Global
	GlobalSection(SolutionConfigurationPlatforms) = preSolution
		Debug|Any CPU = Debug|Any CPU
		Release|Any CPU = Release|Any CPU
	EndGlobalSection
	GlobalSection(SolutionProperties) = preSolution
		HideSolutionNode = FALSE
	EndGlobalSection
	GlobalSection(ProjectConfigurationPlatforms) = postSolution
		{CF337048-F870-475A-89E7-06B5744C65ED}.Debug|Any CPU.ActiveCfg = Debug|Any CPU
		{CF337048-F870-475A-89E7-06B5744C65ED}.Debug|Any CPU.Build.0 = Debug|Any CPU
		{CF337048-F870-475A-89E7-06B5744C65ED}.Release|Any CPU.ActiveCfg = Release|Any CPU
		{CF337048-F870-475A-89E7-06B5744C65ED}.Release|Any CPU.Build.0 = Release|Any CPU
		{42FA8934-A5CE-443A-B84E-E59924486561}.Debug|Any CPU.ActiveCfg = Debug|Any CPU
		{42FA8934-A5CE-443A-B84E-E59924486561}.Debug|Any CPU.Build.0 = Debug|Any CPU
		{42FA8934-A5CE-443A-B84E-E59924486561}.Release|Any CPU.ActiveCfg = Release|Any CPU
		{42FA8934-A5CE-443A-B84E-E59924486561}.Release|Any CPU.Build.0 = Release|Any CPU
		{B3A695BB-1F9E-4543-BE23-39281BB17B79}.Debug|Any CPU.ActiveCfg = Debug|Any CPU
		{B3A695BB-1F9E-4543-BE23-39281BB17B79}.Debug|Any CPU.Build.0 = Debug|Any CPU
		{B3A695BB-1F9E-4543-BE23-39281BB17B79}.Release|Any CPU.ActiveCfg = Release|Any CPU
		{B3A695BB-1F9E-4543-BE23-39281BB17B79}.Release|Any CPU.Build.0 = Release|Any CPU
		{D888D5F2-F576-498C-A113-42879685260C}.Debug|Any CPU.ActiveCfg = Debug|Any CPU
		{D888D5F2-F576-498C-A113-42879685260C}.Debug|Any CPU.Build.0 = Debug|Any CPU
		{D888D5F2-F576-498C-A113-42879685260C}.Release|Any CPU.ActiveCfg = Release|Any CPU
		{D888D5F2-F576-498C-A113-42879685260C}.Release|Any CPU.Build.0 = Release|Any CPU
	EndGlobalSection
EndGlobal
